{
  "version": 1,
  "dependencies": {
    "net10.0": {
      "Temporalio": {
        "type": "Direct",
        "requested": "[1.13.0, )",
        "resolved": "1.13.0",
        "contentHash": "JxSGG1A8LkVtifGnDO34f+aX8tZ96WHgPj26Cvoa6byWT5oLe0qqHAsQEMbfxwSyJJicKiItG2E5Pbi+Mt0NLA==",
        "dependencies": {
          "Google.Protobuf": "3.26.1",
          "Microsoft.Extensions.Logging.Abstractions": "2.2.0",
          "NexusRpc": "0.3.0"
        }
      },
      "Docker.DotNet": {
        "type": "Transitive",
        "resolved": "3.125.15",
        "contentHash": "XN8FKxVv8Mjmwu104/Hl9lM61pLY675s70gzwSj8KR5pwblo8HfWLcCuinh9kYsqujBkMH4HVRCEcRuU6al4BQ==",
        "dependencies": {
          "Newtonsoft.Json": "13.0.1"
        }
      },
      "Fractions": {
        "type": "Transitive",
        "resolved": "7.3.0",
        "contentHash": "2bETFWLBc8b7Ut2SVi+bxhGVwiSpknHYGBh2PADyGWONLkTxT7bKyDRhF8ao+XUv90tq8Fl7GTPxSI5bacIRJw=="
      },
      "Google.Protobuf": {
        "type": "Transitive",
        "resolved": "3.26.1",
        "contentHash": "CHZX8zXqhF/fdUtd+AYzew8T2HFkAoe5c7lbGxZY/qryAlQXckDvM5BfOJjXlMS7kyICqQTMszj4w1bX5uBJ/w=="
      },
      "KubernetesClient": {
        "type": "Transitive",
        "resolved": "19.0.2",
        "contentHash": "0m8FuzCDBygaXMbsb7qVapNZzTm4ftM7ECp/waTRh/XOUQziRF2rKJCRmsvYbBXgJkQvU+FBbkoa40hexzDC+g==",
        "dependencies": {
          "Fractions": "7.3.0",
          "YamlDotNet": "16.3.0"
        }
      },
      "Microsoft.Extensions.DependencyInjection.Abstractions": {
        "type": "Transitive",
        "resolved": "9.0.15",
        "contentHash": "4ulUZtcGCPQ/LadApR1QftrRZ0AvxGW6SsVhS3QoTAwZtzhbN6x0VCVPoXsoPkznUrgzy8bi4KZ+kFt5jsP40Q=="
      },
      "Microsoft.Extensions.Logging.Abstractions": {
        "type": "Transitive",
        "resolved": "9.0.15",
        "contentHash": "kI9Sc2l8oC3bEptPIPp3+aoCBCfrefJHn5lgfKbw526JJbUuNNQPtB/bcUyqFpzr6KKgHxALfNrP6rX1x+19yA==",
        "dependencies": {
          "Microsoft.Extensions.DependencyInjection.Abstractions": "9.0.15"
        }
      },
      "Newtonsoft.Json": {
        "type": "Transitive",
        "resolved": "13.0.1",
        "contentHash": "ppPFpBcvxdsfUonNcvITKqLl3bqxWbDCZIzDWHzjpdAHRFfZe0Dw9HmA0+za13IdyrgJwpkDTDA9fHaxOrt20A=="
      },
      "NexusRpc": {
        "type": "Transitive",
        "resolved": "0.3.0",
        "contentHash": "Kr+NMSZ5428AvxpzShdJcQxc9w6HT8SM6FXQMekC4K9wGpmC1m/L2pQJydpvVTwRBu3qAIYKPI37KWexF4Gtcg=="
      },
      "YamlDotNet": {
        "type": "Transitive",
        "resolved": "16.3.0",
        "contentHash": "SgMOdxbz8X65z8hraIs6hOEdnkH6hESTAIUa7viEngHOYaH+6q5XJmwr1+yb9vJpNQ19hCQY69xbFsLtXpobQA=="
      },
      "magicpai.core": {
        "type": "Project",
        "dependencies": {
          "Docker.DotNet": "[3.125.15, )",
          "KubernetesClient": "[19.*, )",
          "MagicPAI.Shared": "[2.0.0-dev, )",
          "Microsoft.Extensions.Logging.Abstractions": "[9.*, )"
        }
      },
      "magicpai.shared": {
        "type": "Project"
      }
    }
  }
}